
Microsoft Visual Studio Solution File, Format Version 12.00
# Visual Studio 15
VisualStudioVersion = 15.0.28307.1300
MinimumVisualStudioVersion = 10.0.40219.1
Project("{FAE04EC0-301F-11D3-BF4B-00C04F79EFBC}") = "FactoryMethodPattern", "FactoryMethodPattern\FactoryMethodPattern.csproj", "{CC75F2CC-CC67-4811-89A9-32C0243454A4}"
EndProject
Project("{FAE04EC0-301F-11D3-BF4B-00C04F79EFBC}") = "FactoryMethodPatternTests", "FactoryMethodPatternTests\FactoryMethodPatternTests.csproj", "{78587631-62DA-457E-9A3C-79628C3D354E}"
EndProject
Global
	GlobalSection(SolutionConfigurationPlatforms) = preSolution
		Debug|Any CPU = Debug|Any CPU
		Release|Any CPU = Release|Any CPU
	EndGlobalSection
	GlobalSection(ProjectConfigurationPlatforms) = postSolution
		{CC75F2CC-CC67-4811-89A9-32C0243454A4}.Debug|Any CPU.ActiveCfg = Debug|Any CPU
		{CC75F2CC-CC67-4811-89A9-32C0243454A4}.Debug|Any CPU.Build.0 = Debug|Any CPU
		{CC75F2CC-CC67-4811-89A9-32C0243454A4}.Release|Any CPU.ActiveCfg = Release|Any CPU
		{CC75F2CC-CC67-4811-89A9-32C0243454A4}.Release|Any CPU.Build.0 = Release|Any CPU
		{78587631-62DA-457E-9A3C-79628C3D354E}.Debug|Any CPU.ActiveCfg = Debug|Any CPU
		{78587631-62DA-457E-9A3C-79628C3D354E}.Debug|Any CPU.Build.0 = Debug|Any CPU
		{78587631-62DA-457E-9A3C-79628C3D354E}.Release|Any CPU.ActiveCfg = Release|Any CPU
		{78587631-62DA-457E-9A3C-79628C3D354E}.Release|Any CPU.Build.0 = Release|Any CPU
	EndGlobalSection
	GlobalSection(SolutionProperties) = preSolution
		HideSolutionNode = FALSE
	EndGlobalSection
	GlobalSection(ExtensibilityGlobals) = postSolution
		SolutionGuid = {93EB54A8-C609-4549-92F6-BC1AC42868A2}
	EndGlobalSection
EndGlobal
